
Microsoft Visual Studio Solution File, Format Version 11.00
# Visual Studio 2010
Project("{FAE04EC0-301F-11D3-BF4B-00C04F79EFBC}") = "VRweek", "Assembly-CSharp.csproj", "{8AF88225-A8CF-2F2A-E3C8-4BC5C21E9EAF}"
EndProject
Project("{FAE04EC0-301F-11D3-BF4B-00C04F79EFBC}") = "VRweek", "Assembly-CSharp-Editor.csproj", "{C03BEABA-4A62-0D80-7BD6-C697CE81DCAF}"
EndProject
Global
	GlobalSection(SolutionConfigurationPlatforms) = preSolution
		Debug|Any CPU = Debug|Any CPU
		Release|Any CPU = Release|Any CPU
	EndGlobalSection
	GlobalSection(ProjectConfigurationPlatforms) = postSolution
		{8AF88225-A8CF-2F2A-E3C8-4BC5C21E9EAF}.Debug|Any CPU.ActiveCfg = Debug|Any CPU
		{8AF88225-A8CF-2F2A-E3C8-4BC5C21E9EAF}.Debug|Any CPU.Build.0 = Debug|Any CPU
		{8AF88225-A8CF-2F2A-E3C8-4BC5C21E9EAF}.Release|Any CPU.ActiveCfg = Release|Any CPU
		{8AF88225-A8CF-2F2A-E3C8-4BC5C21E9EAF}.Release|Any CPU.Build.0 = Release|Any CPU
		{C03BEABA-4A62-0D80-7BD6-C697CE81DCAF}.Debug|Any CPU.ActiveCfg = Debug|Any CPU
		{C03BEABA-4A62-0D80-7BD6-C697CE81DCAF}.Debug|Any CPU.Build.0 = Debug|Any CPU
		{C03BEABA-4A62-0D80-7BD6-C697CE81DCAF}.Release|Any CPU.ActiveCfg = Release|Any CPU
		{C03BEABA-4A62-0D80-7BD6-C697CE81DCAF}.Release|Any CPU.Build.0 = Release|Any CPU
	EndGlobalSection
	GlobalSection(SolutionProperties) = preSolution
		HideSolutionNode = FALSE
	EndGlobalSection
	GlobalSection(MonoDevelopProperties) = preSolution
		StartupItem = Assembly-CSharp.csproj
	EndGlobalSection
EndGlobal
